
Microsoft Visual Studio Solution File, Format Version 12.00
# Visual Studio 14
VisualStudioVersion = 14.0.23107.0
MinimumVisualStudioVersion = 10.0.40219.1
Project("{FAE04EC0-301F-11D3-BF4B-00C04F79EFBC}") = "Tehtava2Lotto", "Tehtava2Lotto\Tehtava2Lotto.csproj", "{94FC10E6-5A67-45B9-BF29-7930D0E74E29}"
EndProject
Project("{FAE04EC0-301F-11D3-BF4B-00C04F79EFBC}") = "Tehtava1", "Tehtava1\Tehtava1.csproj", "{DC572534-13DB-440B-A2DF-AA86E7AA6F73}"
EndProject
Project("{FAE04EC0-301F-11D3-BF4B-00C04F79EFBC}") = "Tehtava3PiruJaakiekot", "Tehtava3PiruJaakiekot\Tehtava3PiruJaakiekot.csproj", "{52C1322F-6711-4416-A6AA-2FFBC256DF8B}"
EndProject
Project("{FAE04EC0-301F-11D3-BF4B-00C04F79EFBC}") = "Tehtava4Wiinikellari", "Tehtava4Wiinikellari\Tehtava4Wiinikellari.csproj", "{6045E273-71A6-483F-B7E1-2D2ED1AC1495}"
EndProject
Project("{FAE04EC0-301F-11D3-BF4B-00C04F79EFBC}") = "Tehtava5Lasnaolo", "Tehtava5Lasnaolo\Tehtava5Lasnaolo.csproj", "{41751255-B2CA-466E-9A10-B15E4585F534}"
EndProject
Project("{FAE04EC0-301F-11D3-BF4B-00C04F79EFBC}") = "Tehtava6", "Tehtava6\Tehtava6.csproj", "{078B472F-E0BE-4705-A004-3F2A11A96896}"
EndProject
Project("{FAE04EC0-301F-11D3-BF4B-00C04F79EFBC}") = "DataBaseDemo1", "DataBaseDemo1\DataBaseDemo1.csproj", "{AEC41508-2263-4AEB-9D73-D234FDCFDFE8}"
EndProject
Project("{FAE04EC0-301F-11D3-BF4B-00C04F79EFBC}") = "DemoJSON", "DemoJSON\DemoJSON.csproj", "{71169668-2E13-40A4-88D2-B2393925EB2D}"
EndProject
Project("{FAE04EC0-301F-11D3-BF4B-00C04F79EFBC}") = "Tehtava7LuntaSataaTalvella", "Tehtava7LuntaSataaTalvella\Tehtava7LuntaSataaTalvella.csproj", "{F2ED45AB-FC15-4655-B8E5-DA71E2AC3E5D}"
EndProject
Project("{FAE04EC0-301F-11D3-BF4B-00C04F79EFBC}") = "Tehtava8ValiPalaute", "Tehtava8ValiPalaute\Tehtava8ValiPalaute.csproj", "{D0E33279-B9B6-47F2-B106-7286AB6CBBE6}"
EndProject
Project("{E24C65DC-7377-472B-9ABA-BC803B73C61A}") = "WEBSITE", "WEBSITE\", "{C55865C6-3CB4-4E02-BAA7-5CFF1822E191}"
	ProjectSection(WebsiteProperties) = preProject
		TargetFrameworkMoniker = ".NETFramework,Version%3Dv4.5.2"
		Debug.AspNetCompiler.VirtualPath = "/localhost_3511"
		Debug.AspNetCompiler.PhysicalPath = "WEBSITE\"
		Debug.AspNetCompiler.TargetPath = "PrecompiledWeb\localhost_3511\"
		Debug.AspNetCompiler.Updateable = "true"
		Debug.AspNetCompiler.ForceOverwrite = "true"
		Debug.AspNetCompiler.FixedNames = "false"
		Debug.AspNetCompiler.Debug = "True"
		Release.AspNetCompiler.VirtualPath = "/localhost_3511"
		Release.AspNetCompiler.PhysicalPath = "WEBSITE\"
		Release.AspNetCompiler.TargetPath = "PrecompiledWeb\localhost_3511\"
		Release.AspNetCompiler.Updateable = "true"
		Release.AspNetCompiler.ForceOverwrite = "true"
		Release.AspNetCompiler.FixedNames = "false"
		Release.AspNetCompiler.Debug = "False"
		VWDPort = "3511"
		SlnRelativePath = "WEBSITE\"
		DefaultWebSiteLanguage = "Visual C#"
	EndProjectSection
EndProject
Global
	GlobalSection(SolutionConfigurationPlatforms) = preSolution
		Debug|Any CPU = Debug|Any CPU
		Release|Any CPU = Release|Any CPU
	EndGlobalSection
	GlobalSection(ProjectConfigurationPlatforms) = postSolution
		{94FC10E6-5A67-45B9-BF29-7930D0E74E29}.Debug|Any CPU.ActiveCfg = Debug|Any CPU
		{94FC10E6-5A67-45B9-BF29-7930D0E74E29}.Debug|Any CPU.Build.0 = Debug|Any CPU
		{94FC10E6-5A67-45B9-BF29-7930D0E74E29}.Release|Any CPU.ActiveCfg = Release|Any CPU
		{94FC10E6-5A67-45B9-BF29-7930D0E74E29}.Release|Any CPU.Build.0 = Release|Any CPU
		{DC572534-13DB-440B-A2DF-AA86E7AA6F73}.Debug|Any CPU.ActiveCfg = Debug|Any CPU
		{DC572534-13DB-440B-A2DF-AA86E7AA6F73}.Debug|Any CPU.Build.0 = Debug|Any CPU
		{DC572534-13DB-440B-A2DF-AA86E7AA6F73}.Release|Any CPU.ActiveCfg = Release|Any CPU
		{DC572534-13DB-440B-A2DF-AA86E7AA6F73}.Release|Any CPU.Build.0 = Release|Any CPU
		{52C1322F-6711-4416-A6AA-2FFBC256DF8B}.Debug|Any CPU.ActiveCfg = Debug|Any CPU
		{52C1322F-6711-4416-A6AA-2FFBC256DF8B}.Debug|Any CPU.Build.0 = Debug|Any CPU
		{52C1322F-6711-4416-A6AA-2FFBC256DF8B}.Release|Any CPU.ActiveCfg = Release|Any CPU
		{52C1322F-6711-4416-A6AA-2FFBC256DF8B}.Release|Any CPU.Build.0 = Release|Any CPU
		{6045E273-71A6-483F-B7E1-2D2ED1AC1495}.Debug|Any CPU.ActiveCfg = Debug|Any CPU
		{6045E273-71A6-483F-B7E1-2D2ED1AC1495}.Debug|Any CPU.Build.0 = Debug|Any CPU
		{6045E273-71A6-483F-B7E1-2D2ED1AC1495}.Release|Any CPU.ActiveCfg = Release|Any CPU
		{6045E273-71A6-483F-B7E1-2D2ED1AC1495}.Release|Any CPU.Build.0 = Release|Any CPU
		{41751255-B2CA-466E-9A10-B15E4585F534}.Debug|Any CPU.ActiveCfg = Debug|Any CPU
		{41751255-B2CA-466E-9A10-B15E4585F534}.Debug|Any CPU.Build.0 = Debug|Any CPU
		{41751255-B2CA-466E-9A10-B15E4585F534}.Release|Any CPU.ActiveCfg = Release|Any CPU
		{41751255-B2CA-466E-9A10-B15E4585F534}.Release|Any CPU.Build.0 = Release|Any CPU
		{078B472F-E0BE-4705-A004-3F2A11A96896}.Debug|Any CPU.ActiveCfg = Debug|Any CPU
		{078B472F-E0BE-4705-A004-3F2A11A96896}.Debug|Any CPU.Build.0 = Debug|Any CPU
		{078B472F-E0BE-4705-A004-3F2A11A96896}.Release|Any CPU.ActiveCfg = Release|Any CPU
		{078B472F-E0BE-4705-A004-3F2A11A96896}.Release|Any CPU.Build.0 = Release|Any CPU
		{AEC41508-2263-4AEB-9D73-D234FDCFDFE8}.Debug|Any CPU.ActiveCfg = Debug|Any CPU
		{AEC41508-2263-4AEB-9D73-D234FDCFDFE8}.Debug|Any CPU.Build.0 = Debug|Any CPU
		{AEC41508-2263-4AEB-9D73-D234FDCFDFE8}.Release|Any CPU.ActiveCfg = Release|Any CPU
		{AEC41508-2263-4AEB-9D73-D234FDCFDFE8}.Release|Any CPU.Build.0 = Release|Any CPU
		{71169668-2E13-40A4-88D2-B2393925EB2D}.Debug|Any CPU.ActiveCfg = Debug|Any CPU
		{71169668-2E13-40A4-88D2-B2393925EB2D}.Debug|Any CPU.Build.0 = Debug|Any CPU
		{71169668-2E13-40A4-88D2-B2393925EB2D}.Release|Any CPU.ActiveCfg = Release|Any CPU
		{71169668-2E13-40A4-88D2-B2393925EB2D}.Release|Any CPU.Build.0 = Release|Any CPU
		{F2ED45AB-FC15-4655-B8E5-DA71E2AC3E5D}.Debug|Any CPU.ActiveCfg = Debug|Any CPU
		{F2ED45AB-FC15-4655-B8E5-DA71E2AC3E5D}.Debug|Any CPU.Build.0 = Debug|Any CPU
		{F2ED45AB-FC15-4655-B8E5-DA71E2AC3E5D}.Release|Any CPU.ActiveCfg = Release|Any CPU
		{F2ED45AB-FC15-4655-B8E5-DA71E2AC3E5D}.Release|Any CPU.Build.0 = Release|Any CPU
		{D0E33279-B9B6-47F2-B106-7286AB6CBBE6}.Debug|Any CPU.ActiveCfg = Debug|Any CPU
		{D0E33279-B9B6-47F2-B106-7286AB6CBBE6}.Debug|Any CPU.Build.0 = Debug|Any CPU
		{D0E33279-B9B6-47F2-B106-7286AB6CBBE6}.Release|Any CPU.ActiveCfg = Release|Any CPU
		{D0E33279-B9B6-47F2-B106-7286AB6CBBE6}.Release|Any CPU.Build.0 = Release|Any CPU
		{C55865C6-3CB4-4E02-BAA7-5CFF1822E191}.Debug|Any CPU.ActiveCfg = Debug|Any CPU
		{C55865C6-3CB4-4E02-BAA7-5CFF1822E191}.Debug|Any CPU.Build.0 = Debug|Any CPU
		{C55865C6-3CB4-4E02-BAA7-5CFF1822E191}.Release|Any CPU.ActiveCfg = Debug|Any CPU
		{C55865C6-3CB4-4E02-BAA7-5CFF1822E191}.Release|Any CPU.Build.0 = Debug|Any CPU
	EndGlobalSection
	GlobalSection(SolutionProperties) = preSolution
		HideSolutionNode = FALSE
	EndGlobalSection
EndGlobal
