
Microsoft Visual Studio Solution File, Format Version 12.00
# Visual Studio 14
VisualStudioVersion = 14.0.23107.0
MinimumVisualStudioVersion = 10.0.40219.1
Project("{FAE04EC0-301F-11D3-BF4B-00C04F79EFBC}") = "Tehtava2Lotto", "Tehtava2Lotto\Tehtava2Lotto.csproj", "{94FC10E6-5A67-45B9-BF29-7930D0E74E29}"
EndProject
Project("{FAE04EC0-301F-11D3-BF4B-00C04F79EFBC}") = "Tehtava1", "Tehtava1\Tehtava1.csproj", "{DC572534-13DB-440B-A2DF-AA86E7AA6F73}"
EndProject
Project("{FAE04EC0-301F-11D3-BF4B-00C04F79EFBC}") = "Tehtava3PiruJaakiekot", "Tehtava3PiruJaakiekot\Tehtava3PiruJaakiekot.csproj", "{52C1322F-6711-4416-A6AA-2FFBC256DF8B}"
EndProject
Project("{FAE04EC0-301F-11D3-BF4B-00C04F79EFBC}") = "Tehtava4Wiinikellari", "Tehtava4Wiinikellari\Tehtava4Wiinikellari.csproj", "{6045E273-71A6-483F-B7E1-2D2ED1AC1495}"
EndProject
Project("{FAE04EC0-301F-11D3-BF4B-00C04F79EFBC}") = "Tehtava5Lasnaolo", "Tehtava5Lasnaolo\Tehtava5Lasnaolo.csproj", "{41751255-B2CA-466E-9A10-B15E4585F534}"
EndProject
Global
	GlobalSection(SolutionConfigurationPlatforms) = preSolution
		Debug|Any CPU = Debug|Any CPU
		Release|Any CPU = Release|Any CPU
	EndGlobalSection
	GlobalSection(ProjectConfigurationPlatforms) = postSolution
		{94FC10E6-5A67-45B9-BF29-7930D0E74E29}.Debug|Any CPU.ActiveCfg = Debug|Any CPU
		{94FC10E6-5A67-45B9-BF29-7930D0E74E29}.Debug|Any CPU.Build.0 = Debug|Any CPU
		{94FC10E6-5A67-45B9-BF29-7930D0E74E29}.Release|Any CPU.ActiveCfg = Release|Any CPU
		{94FC10E6-5A67-45B9-BF29-7930D0E74E29}.Release|Any CPU.Build.0 = Release|Any CPU
		{DC572534-13DB-440B-A2DF-AA86E7AA6F73}.Debug|Any CPU.ActiveCfg = Debug|Any CPU
		{DC572534-13DB-440B-A2DF-AA86E7AA6F73}.Debug|Any CPU.Build.0 = Debug|Any CPU
		{DC572534-13DB-440B-A2DF-AA86E7AA6F73}.Release|Any CPU.ActiveCfg = Release|Any CPU
		{DC572534-13DB-440B-A2DF-AA86E7AA6F73}.Release|Any CPU.Build.0 = Release|Any CPU
		{52C1322F-6711-4416-A6AA-2FFBC256DF8B}.Debug|Any CPU.ActiveCfg = Debug|Any CPU
		{52C1322F-6711-4416-A6AA-2FFBC256DF8B}.Debug|Any CPU.Build.0 = Debug|Any CPU
		{52C1322F-6711-4416-A6AA-2FFBC256DF8B}.Release|Any CPU.ActiveCfg = Release|Any CPU
		{52C1322F-6711-4416-A6AA-2FFBC256DF8B}.Release|Any CPU.Build.0 = Release|Any CPU
		{6045E273-71A6-483F-B7E1-2D2ED1AC1495}.Debug|Any CPU.ActiveCfg = Debug|Any CPU
		{6045E273-71A6-483F-B7E1-2D2ED1AC1495}.Debug|Any CPU.Build.0 = Debug|Any CPU
		{6045E273-71A6-483F-B7E1-2D2ED1AC1495}.Release|Any CPU.ActiveCfg = Release|Any CPU
		{6045E273-71A6-483F-B7E1-2D2ED1AC1495}.Release|Any CPU.Build.0 = Release|Any CPU
		{41751255-B2CA-466E-9A10-B15E4585F534}.Debug|Any CPU.ActiveCfg = Debug|Any CPU
		{41751255-B2CA-466E-9A10-B15E4585F534}.Debug|Any CPU.Build.0 = Debug|Any CPU
		{41751255-B2CA-466E-9A10-B15E4585F534}.Release|Any CPU.ActiveCfg = Release|Any CPU
		{41751255-B2CA-466E-9A10-B15E4585F534}.Release|Any CPU.Build.0 = Release|Any CPU
	EndGlobalSection
	GlobalSection(SolutionProperties) = preSolution
		HideSolutionNode = FALSE
	EndGlobalSection
EndGlobal
